
Microsoft Visual Studio Solution File, Format Version 12.00
# Visual Studio 2013
VisualStudioVersion = 12.0.21005.1
MinimumVisualStudioVersion = 10.0.40219.1
Project("{FAE04EC0-301F-11D3-BF4B-00C04F79EFBC}") = "CustomPC", "CustomPC\CustomPC.csproj", "{58EF73F5-62A7-431D-ADC7-18F4B3DF6E59}"
EndProject
Project("{FAE04EC0-301F-11D3-BF4B-00C04F79EFBC}") = "complexNumber", "complexNumber\complexNumber.csproj", "{275FD762-D3C9-40C1-A239-766BD791069B}"
EndProject
Project("{FAE04EC0-301F-11D3-BF4B-00C04F79EFBC}") = "mini3", "mini3\mini3.csproj", "{5A6E0014-926C-46E6-B87F-B5A340EC36A9}"
EndProject
Global
	GlobalSection(SolutionConfigurationPlatforms) = preSolution
		Debug|Any CPU = Debug|Any CPU
		Release|Any CPU = Release|Any CPU
	EndGlobalSection
	GlobalSection(ProjectConfigurationPlatforms) = postSolution
		{58EF73F5-62A7-431D-ADC7-18F4B3DF6E59}.Debug|Any CPU.ActiveCfg = Debug|Any CPU
		{58EF73F5-62A7-431D-ADC7-18F4B3DF6E59}.Debug|Any CPU.Build.0 = Debug|Any CPU
		{58EF73F5-62A7-431D-ADC7-18F4B3DF6E59}.Release|Any CPU.ActiveCfg = Release|Any CPU
		{58EF73F5-62A7-431D-ADC7-18F4B3DF6E59}.Release|Any CPU.Build.0 = Release|Any CPU
		{275FD762-D3C9-40C1-A239-766BD791069B}.Debug|Any CPU.ActiveCfg = Debug|Any CPU
		{275FD762-D3C9-40C1-A239-766BD791069B}.Debug|Any CPU.Build.0 = Debug|Any CPU
		{275FD762-D3C9-40C1-A239-766BD791069B}.Release|Any CPU.ActiveCfg = Release|Any CPU
		{275FD762-D3C9-40C1-A239-766BD791069B}.Release|Any CPU.Build.0 = Release|Any CPU
		{5A6E0014-926C-46E6-B87F-B5A340EC36A9}.Debug|Any CPU.ActiveCfg = Debug|Any CPU
		{5A6E0014-926C-46E6-B87F-B5A340EC36A9}.Debug|Any CPU.Build.0 = Debug|Any CPU
		{5A6E0014-926C-46E6-B87F-B5A340EC36A9}.Release|Any CPU.ActiveCfg = Release|Any CPU
		{5A6E0014-926C-46E6-B87F-B5A340EC36A9}.Release|Any CPU.Build.0 = Release|Any CPU
	EndGlobalSection
	GlobalSection(SolutionProperties) = preSolution
		HideSolutionNode = FALSE
	EndGlobalSection
EndGlobal
